# THIS IS AN AUTOGENERATED FILE. DO NOT EDIT THIS FILE DIRECTLY.
# yarn lockfile v1


"@esbuild/aix-ppc64@0.27.3":
  version "0.27.3"
  resolved "https://registry.npmmirror.com/@esbuild/aix-ppc64/-/aix-ppc64-0.27.3.tgz#815b39267f9bffd3407ea6c376ac32946e24f8d2"
  integrity sha512-9fJMTNFTWZMh5qwrBItuziu834eOCUcEqymSH7pY+zoMVEZg3gcPuBNxH1EvfVYe9h0x/Ptw8KBzv7qxb7l8dg==

"@esbuild/android-arm64@0.27.3":
  version "0.27.3"
  resolved "https://registry.npmmirror.com/@esbuild/android-arm64/-/android-arm64-0.27.3.tgz#19b882408829ad8e12b10aff2840711b2da361e8"
  integrity sha512-YdghPYUmj/FX2SYKJ0OZxf+iaKgMsKHVPF1MAq/P8WirnSpCStzKJFjOjzsW0QQ7oIAiccHdcqjbHmJxRb/dmg==

"@esbuild/android-arm@0.27.3":
  version "0.27.3"
  resolved "https://registry.npmmirror.com/@esbuild/android-arm/-/android-arm-0.27.3.tgz#90be58de27915efa27b767fcbdb37a4470627d7b"
  integrity sha512-i5D1hPY7GIQmXlXhs2w8AWHhenb00+GxjxRncS2ZM7YNVGNfaMxgzSGuO8o8SJzRc/oZwU2bcScvVERk03QhzA==

"@esbuild/android-x64@0.27.3":
  version "0.27.3"
  resolved "https://registry.npmmirror.com/@esbuild/android-x64/-/android-x64-0.27.3.tgz#d7dcc976f16e01a9aaa2f9b938fbec7389f895ac"
  integrity sha512-IN/0BNTkHtk8lkOM8JWAYFg4ORxBkZQf9zXiEOfERX/CzxW3Vg1ewAhU7QSWQpVIzTW+b8Xy+lGzdYXV6UZObQ==

"@esbuild/darwin-arm64@0.27.3":
  version "0.27.3"
  resolved "https://registry.npmmirror.com/@esbuild/darwin-arm64/-/darwin-arm64-0.27.3.tgz#9f6cac72b3a8532298a6a4493ed639a8988e8abd"
  integrity sha512-Re491k7ByTVRy0t3EKWajdLIr0gz2kKKfzafkth4Q8A5n1xTHrkqZgLLjFEHVD+AXdUGgQMq+Godfq45mGpCKg==

"@esbuild/darwin-x64@0.27.3":
  version "0.27.3"
  resolved "https://registry.npmmirror.com/@esbuild/darwin-x64/-/darwin-x64-0.27.3.tgz#ac61d645faa37fd650340f1866b0812e1fb14d6a"
  integrity sha512-vHk/hA7/1AckjGzRqi6wbo+jaShzRowYip6rt6q7VYEDX4LEy1pZfDpdxCBnGtl+A5zq8iXDcyuxwtv3hNtHFg==

"@esbuild/freebsd-arm64@0.27.3":
  version "0.27.3"
  resolved "https://registry.npmmirror.com/@esbuild/freebsd-arm64/-/freebsd-arm64-0.27.3.tgz#b8625689d73cf1830fe58c39051acdc12474ea1b"
  integrity sha512-ipTYM2fjt3kQAYOvo6vcxJx3nBYAzPjgTCk7QEgZG8AUO3ydUhvelmhrbOheMnGOlaSFUoHXB6un+A7q4ygY9w==

"@esbuild/freebsd-x64@0.27.3":
  version "0.27.3"
  resolved "https://registry.npmmirror.com/@esbuild/freebsd-x64/-/freebsd-x64-0.27.3.tgz#07be7dd3c9d42fe0eccd2ab9f9ded780bc53bead"
  integrity sha512-dDk0X87T7mI6U3K9VjWtHOXqwAMJBNN2r7bejDsc+j03SEjtD9HrOl8gVFByeM0aJksoUuUVU9TBaZa2rgj0oA==

"@esbuild/linux-arm64@0.27.3":
  version "0.27.3"
  resolved "https://registry.npmmirror.com/@esbuild/linux-arm64/-/linux-arm64-0.27.3.tgz#bf31918fe5c798586460d2b3d6c46ed2c01ca0b6"
  integrity sha512-sZOuFz/xWnZ4KH3YfFrKCf1WyPZHakVzTiqji3WDc0BCl2kBwiJLCXpzLzUBLgmp4veFZdvN5ChW4Eq/8Fc2Fg==

"@esbuild/linux-arm@0.27.3":
  version "0.27.3"
  resolved "https://registry.npmmirror.com/@esbuild/linux-arm/-/linux-arm-0.27.3.tgz#28493ee46abec1dc3f500223cd9f8d2df08f9d11"
  integrity sha512-s6nPv2QkSupJwLYyfS+gwdirm0ukyTFNl3KTgZEAiJDd+iHZcbTPPcWCcRYH+WlNbwChgH2QkE9NSlNrMT8Gfw==

"@esbuild/linux-ia32@0.27.3":
  version "0.27.3"
  resolved "https://registry.npmmirror.com/@esbuild/linux-ia32/-/linux-ia32-0.27.3.tgz#750752a8b30b43647402561eea764d0a41d0ee29"
  integrity sha512-yGlQYjdxtLdh0a3jHjuwOrxQjOZYD/C9PfdbgJJF3TIZWnm/tMd/RcNiLngiu4iwcBAOezdnSLAwQDPqTmtTYg==

"@esbuild/linux-loong64@0.27.3":
  version "0.27.3"
  resolved "https://registry.npmmirror.com/@esbuild/linux-loong64/-/linux-loong64-0.27.3.tgz#a5a92813a04e71198c50f05adfaf18fc1e95b9ed"
  integrity sha512-WO60Sn8ly3gtzhyjATDgieJNet/KqsDlX5nRC5Y3oTFcS1l0KWba+SEa9Ja1GfDqSF1z6hif/SkpQJbL63cgOA==

"@esbuild/linux-mips64el@0.27.3":
  version "0.27.3"
  resolved "https://registry.npmmirror.com/@esbuild/linux-mips64el/-/linux-mips64el-0.27.3.tgz#deb45d7fd2d2161eadf1fbc593637ed766d50bb1"
  integrity sha512-APsymYA6sGcZ4pD6k+UxbDjOFSvPWyZhjaiPyl/f79xKxwTnrn5QUnXR5prvetuaSMsb4jgeHewIDCIWljrSxw==

"@esbuild/linux-ppc64@0.27.3":
  version "0.27.3"
  resolved "https://registry.npmmirror.com/@esbuild/linux-ppc64/-/linux-ppc64-0.27.3.tgz#6f39ae0b8c4d3d2d61a65b26df79f6e12a1c3d78"
  integrity sha512-eizBnTeBefojtDb9nSh4vvVQ3V9Qf9Df01PfawPcRzJH4gFSgrObw+LveUyDoKU3kxi5+9RJTCWlj4FjYXVPEA==

"@esbuild/linux-riscv64@0.27.3":
  version "0.27.3"
  resolved "https://registry.npmmirror.com/@esbuild/linux-riscv64/-/linux-riscv64-0.27.3.tgz#4c5c19c3916612ec8e3915187030b9df0b955c1d"
  integrity sha512-3Emwh0r5wmfm3ssTWRQSyVhbOHvqegUDRd0WhmXKX2mkHJe1SFCMJhagUleMq+Uci34wLSipf8Lagt4LlpRFWQ==

"@esbuild/linux-s390x@0.27.3":
  version "0.27.3"
  resolved "https://registry.npmmirror.com/@esbuild/linux-s390x/-/linux-s390x-0.27.3.tgz#9ed17b3198fa08ad5ccaa9e74f6c0aff7ad0156d"
  integrity sha512-pBHUx9LzXWBc7MFIEEL0yD/ZVtNgLytvx60gES28GcWMqil8ElCYR4kvbV2BDqsHOvVDRrOxGySBM9Fcv744hw==

"@esbuild/linux-x64@0.27.3":
  version "0.27.3"
  resolved "https://registry.npmmirror.com/@esbuild/linux-x64/-/linux-x64-0.27.3.tgz#12383dcbf71b7cf6513e58b4b08d95a710bf52a5"
  integrity sha512-Czi8yzXUWIQYAtL/2y6vogER8pvcsOsk5cpwL4Gk5nJqH5UZiVByIY8Eorm5R13gq+DQKYg0+JyQoytLQas4dA==

"@esbuild/netbsd-arm64@0.27.3":
  version "0.27.3"
  resolved "https://registry.npmmirror.com/@esbuild/netbsd-arm64/-/netbsd-arm64-0.27.3.tgz#dd0cb2fa543205fcd931df44f4786bfcce6df7d7"
  integrity sha512-sDpk0RgmTCR/5HguIZa9n9u+HVKf40fbEUt+iTzSnCaGvY9kFP0YKBWZtJaraonFnqef5SlJ8/TiPAxzyS+UoA==

"@esbuild/netbsd-x64@0.27.3":
  version "0.27.3"
  resolved "https://registry.npmmirror.com/@esbuild/netbsd-x64/-/netbsd-x64-0.27.3.tgz#028ad1807a8e03e155153b2d025b506c3787354b"
  integrity sha512-P14lFKJl/DdaE00LItAukUdZO5iqNH7+PjoBm+fLQjtxfcfFE20Xf5CrLsmZdq5LFFZzb5JMZ9grUwvtVYzjiA==

"@esbuild/openbsd-arm64@0.27.3":
  version "0.27.3"
  resolved "https://registry.npmmirror.com/@esbuild/openbsd-arm64/-/openbsd-arm64-0.27.3.tgz#e3c16ff3490c9b59b969fffca87f350ffc0e2af5"
  integrity sha512-AIcMP77AvirGbRl/UZFTq5hjXK+2wC7qFRGoHSDrZ5v5b8DK/GYpXW3CPRL53NkvDqb9D+alBiC/dV0Fb7eJcw==

"@esbuild/openbsd-x64@0.27.3":
  version "0.27.3"
  resolved "https://registry.npmmirror.com/@esbuild/openbsd-x64/-/openbsd-x64-0.27.3.tgz#c5a4693fcb03d1cbecbf8b422422468dfc0d2a8b"
  integrity sha512-DnW2sRrBzA+YnE70LKqnM3P+z8vehfJWHXECbwBmH/CU51z6FiqTQTHFenPlHmo3a8UgpLyH3PT+87OViOh1AQ==

"@esbuild/openharmony-arm64@0.27.3":
  version "0.27.3"
  resolved "https://registry.npmmirror.com/@esbuild/openharmony-arm64/-/openharmony-arm64-0.27.3.tgz#082082444f12db564a0775a41e1991c0e125055e"
  integrity sha512-NinAEgr/etERPTsZJ7aEZQvvg/A6IsZG/LgZy+81wON2huV7SrK3e63dU0XhyZP4RKGyTm7aOgmQk0bGp0fy2g==

"@esbuild/sunos-x64@0.27.3":
  version "0.27.3"
  resolved "https://registry.npmmirror.com/@esbuild/sunos-x64/-/sunos-x64-0.27.3.tgz#5ab036c53f929e8405c4e96e865a424160a1b537"
  integrity sha512-PanZ+nEz+eWoBJ8/f8HKxTTD172SKwdXebZ0ndd953gt1HRBbhMsaNqjTyYLGLPdoWHy4zLU7bDVJztF5f3BHA==

"@esbuild/win32-arm64@0.27.3":
  version "0.27.3"
  resolved "https://registry.npmmirror.com/@esbuild/win32-arm64/-/win32-arm64-0.27.3.tgz#38de700ef4b960a0045370c171794526e589862e"
  integrity sha512-B2t59lWWYrbRDw/tjiWOuzSsFh1Y/E95ofKz7rIVYSQkUYBjfSgf6oeYPNWHToFRr2zx52JKApIcAS/D5TUBnA==

"@esbuild/win32-ia32@0.27.3":
  version "0.27.3"
  resolved "https://registry.npmmirror.com/@esbuild/win32-ia32/-/win32-ia32-0.27.3.tgz#451b93dc03ec5d4f38619e6cd64d9f9eff06f55c"
  integrity sha512-QLKSFeXNS8+tHW7tZpMtjlNb7HKau0QDpwm49u0vUp9y1WOF+PEzkU84y9GqYaAVW8aH8f3GcBck26jh54cX4Q==

"@esbuild/win32-x64@0.27.3":
  version "0.27.3"
  resolved "https://registry.npmmirror.com/@esbuild/win32-x64/-/win32-x64-0.27.3.tgz#0eaf705c941a218a43dba8e09f1df1d6cd2f1f17"
  integrity sha512-4uJGhsxuptu3OcpVAzli+/gWusVGwZZHTlS63hh++ehExkVT8SgiEf7/uC/PclrPPkLhZqGgCTjd0VWLo6xMqA==

"@noble/curves@1.4.2", "@noble/curves@~1.4.0":
  version "1.4.2"
  resolved "https://registry.npmmirror.com/@noble/curves/-/curves-1.4.2.tgz#40309198c76ed71bc6dbf7ba24e81ceb4d0d1fe9"
  integrity sha512-TavHr8qycMChk8UwMld0ZDRvatedkzWfH8IiaeGCfymOP5i0hSCozz9vHOL0nkwk7HRMlFnAiKpS2jrUmSybcw==
  dependencies:
    "@noble/hashes" "1.4.0"

"@noble/curves@~1.8.1":
  version "1.8.2"
  resolved "https://registry.npmmirror.com/@noble/curves/-/curves-1.8.2.tgz#8f24c037795e22b90ae29e222a856294c1d9ffc7"
  integrity sha512-vnI7V6lFNe0tLAuJMu+2sX+FcL14TaCWy1qiczg1VwRmPrpQCdq5ESXQMqUc2tluRNf6irBXrWbl1mGN8uaU/g==
  dependencies:
    "@noble/hashes" "1.7.2"

"@noble/hashes@1.4.0", "@noble/hashes@~1.4.0":
  version "1.4.0"
  resolved "https://registry.npmmirror.com/@noble/hashes/-/hashes-1.4.0.tgz#45814aa329f30e4fe0ba49426f49dfccdd066426"
  integrity sha512-V1JJ1WTRUqHHrOSh597hURcMqVKVGL/ea3kv0gSnEdsEZ0/+VyPghM1lMNGc00z7CIQorSvbKpuJkxvuHbvdbg==

"@noble/hashes@1.7.2", "@noble/hashes@~1.7.1":
  version "1.7.2"
  resolved "https://registry.npmmirror.com/@noble/hashes/-/hashes-1.7.2.tgz#d53c65a21658fb02f3303e7ee3ba89d6754c64b4"
  integrity sha512-biZ0NUSxyjLLqo6KxEJ1b+C2NAx0wtDoFvCaXHGgUkeHzf3Xc1xKumFKREuT7f7DARNZ/slvYUwFG6B0f2b6hQ==

"@nomicfoundation/edr-darwin-arm64@0.12.0-next.23":
  version "0.12.0-next.23"
  resolved "https://registry.npmmirror.com/@nomicfoundation/edr-darwin-arm64/-/edr-darwin-arm64-0.12.0-next.23.tgz#b1587edd46476d271b3dd54c024054a964fa9f66"
  integrity sha512-Amh7mRoDzZyJJ4efqoePqdoZOzharmSOttZuJDlVE5yy07BoE8hL6ZRpa5fNYn0LCqn/KoWs8OHANWxhKDGhvQ==

"@nomicfoundation/edr-darwin-x64@0.12.0-next.23":
  version "0.12.0-next.23"
  resolved "https://registry.npmmirror.com/@nomicfoundation/edr-darwin-x64/-/edr-darwin-x64-0.12.0-next.23.tgz#6b61903e93eb40716ea3ed7c4f24f793e6566591"
  integrity sha512-9wn489FIQm7m0UCD+HhktjWx6vskZzeZD9oDc2k9ZvbBzdXwPp5tiDqUBJ+eQpByAzCDfteAJwRn2lQCE0U+Iw==

"@nomicfoundation/edr-linux-arm64-gnu@0.12.0-next.23":
  version "0.12.0-next.23"
  resolved "https://registry.npmmirror.com/@nomicfoundation/edr-linux-arm64-gnu/-/edr-linux-arm64-gnu-0.12.0-next.23.tgz#0c141a621c9dbe6b0dc414da5913b1f94833676e"
  integrity sha512-nlk5EejSzEUfEngv0Jkhqq3/wINIfF2ED9wAofc22w/V1DV99ASh9l3/e/MIHOQFecIZ9MDqt0Em9/oDyB1Uew==

"@nomicfoundation/edr-linux-arm64-musl@0.12.0-next.23":
  version "0.12.0-next.23"
  resolved "https://registry.npmmirror.com/@nomicfoundation/edr-linux-arm64-musl/-/edr-linux-arm64-musl-0.12.0-next.23.tgz#bd996171aa0f90eb722984436449fd2ddb4de065"
  integrity sha512-SJuPBp3Rc6vM92UtVTUxZQ/QlLhLfwTftt2XUiYohmGKB3RjGzpgduEFMCA0LEnucUckU6UHrJNFHiDm77C4PQ==

"@nomicfoundation/edr-linux-x64-gnu@0.12.0-next.23":
  version "0.12.0-next.23"
  resolved "https://registry.npmmirror.com/@nomicfoundation/edr-linux-x64-gnu/-/edr-linux-x64-gnu-0.12.0-next.23.tgz#fb411c5b5efeb96d0d859bb34ff0f466201c3f5d"
  integrity sha512-NU+Qs3u7Qt6t3bJFdmmjd5CsvgI2bPPzO31KifM2Ez96/jsXYho5debtTQnimlb5NAqiHTSlxjh/F8ROcptmeQ==

"@nomicfoundation/edr-linux-x64-musl@0.12.0-next.23":
  version "0.12.0-next.23"
  resolved "https://registry.npmmirror.com/@nomicfoundation/edr-linux-x64-musl/-/edr-linux-x64-musl-0.12.0-next.23.tgz#18685a6489167d1386db8d31823ce7d92fd789b5"
  integrity sha512-F78fZA2h6/ssiCSZOovlgIu0dUeI7ItKPsDDF3UUlIibef052GCXmliMinC90jVPbrjUADMd1BUwjfI0Z8OllQ==

"@nomicfoundation/edr-win32-x64-msvc@0.12.0-next.23":
  version "0.12.0-next.23"
  resolved "https://registry.npmmirror.com/@nomicfoundation/edr-win32-x64-msvc/-/edr-win32-x64-msvc-0.12.0-next.23.tgz#20cc6fcdb22500df1e48fab0a397bc30a22ec37f"
  integrity sha512-IfJZQJn7d/YyqhmguBIGoCKjE9dKjbu6V6iNEPApfwf5JyyjHYyyfkLU4rf7hygj57bfH4sl1jtQ6r8HnT62lw==

"@nomicfoundation/edr@0.12.0-next.23":
  version "0.12.0-next.23"
  resolved "https://registry.npmmirror.com/@nomicfoundation/edr/-/edr-0.12.0-next.23.tgz#483b29bed5165bf6f97b9be01f1536d0f1e1845a"
  integrity sha512-F2/6HZh8Q9RsgkOIkRrckldbhPjIZY7d4mT9LYuW68miwGQ5l7CkAgcz9fRRiurA0+YJhtsbx/EyrD9DmX9BOw==
  dependencies:
    "@nomicfoundation/edr-darwin-arm64" "0.12.0-next.23"
    "@nomicfoundation/edr-darwin-x64" "0.12.0-next.23"
    "@nomicfoundation/edr-linux-arm64-gnu" "0.12.0-next.23"
    "@nomicfoundation/edr-linux-arm64-musl" "0.12.0-next.23"
    "@nomicfoundation/edr-linux-x64-gnu" "0.12.0-next.23"
    "@nomicfoundation/edr-linux-x64-musl" "0.12.0-next.23"
    "@nomicfoundation/edr-win32-x64-msvc" "0.12.0-next.23"

"@nomicfoundation/hardhat-errors@^3.0.0", "@nomicfoundation/hardhat-errors@^3.0.6":
  version "3.0.6"
  resolved "https://registry.npmmirror.com/@nomicfoundation/hardhat-errors/-/hardhat-errors-3.0.6.tgz#0dc92ba66ef270597a05a0b9e338520a26d5b05f"
  integrity sha512-3x+OVdZv7Rgy3z6os9pB6kiHLxs6q0PCXHRu+WLZflr44PG9zW+7V9o+ehrUqmmivlHcIFr3Qh4M2wZVuoCYww==
  dependencies:
    "@nomicfoundation/hardhat-utils" "^3.0.1"

"@nomicfoundation/hardhat-utils@^3.0.1", "@nomicfoundation/hardhat-utils@^3.0.2", "@nomicfoundation/hardhat-utils@^3.0.6":
  version "3.0.6"
  resolved "https://registry.npmmirror.com/@nomicfoundation/hardhat-utils/-/hardhat-utils-3.0.6.tgz#b960ccf8d1b8247b57817b8b3406691a384d0c25"
  integrity sha512-AD/LPNdjXNFRrZcaAAewgJpdnHpPppZxo5p+x6wGMm5Hz4B3+oLf/LUzVn8qb4DDy9RE2c24l2F8vmL/w6ZuXg==
  dependencies:
    "@streamparser/json-node" "^0.0.22"
    debug "^4.3.2"
    env-paths "^2.2.0"
    ethereum-cryptography "^2.2.1"
    fast-equals "^5.4.0"
    json-stream-stringify "^3.1.6"
    rfdc "^1.3.1"
    undici "^6.16.1"

"@nomicfoundation/hardhat-vendored@^3.0.1":
  version "3.0.1"
  resolved "https://registry.npmmirror.com/@nomicfoundation/hardhat-vendored/-/hardhat-vendored-3.0.1.tgz#414a4dfbd03cda6e9a21d1001ba543268a2db0bc"
  integrity sha512-jBOAqmEAMJ8zdfiQmTLV+c0IaSyySqkDSJ9spTy8Ts/m/mO8w364TClyfn+p4ZpxBjyX4LMa3NfC402hoDtwCg==

"@nomicfoundation/hardhat-zod-utils@^3.0.1":
  version "3.0.1"
  resolved "https://registry.npmmirror.com/@nomicfoundation/hardhat-zod-utils/-/hardhat-zod-utils-3.0.1.tgz#eef36a0968be49aa67f2195aa7050c697b596d45"
  integrity sha512-I6/pyYiS9p2lLkzQuedr1ScMocH+ew8l233xTi+LP92gjEiviJDxselpkzgU01MUM0t6BPpfP8yMO958LDEJVg==
  dependencies:
    "@nomicfoundation/hardhat-errors" "^3.0.0"
    "@nomicfoundation/hardhat-utils" "^3.0.2"

"@nomicfoundation/solidity-analyzer-darwin-arm64@0.1.2":
  version "0.1.2"
  resolved "https://registry.npmmirror.com/@nomicfoundation/solidity-analyzer-darwin-arm64/-/solidity-analyzer-darwin-arm64-0.1.2.tgz#3a9c3b20d51360b20affb8f753e756d553d49557"
  integrity sha512-JaqcWPDZENCvm++lFFGjrDd8mxtf+CtLd2MiXvMNTBD33dContTZ9TWETwNFwg7JTJT5Q9HEecH7FA+HTSsIUw==

"@nomicfoundation/solidity-analyzer-darwin-x64@0.1.2":
  version "0.1.2"
  resolved "https://registry.npmmirror.com/@nomicfoundation/solidity-analyzer-darwin-x64/-/solidity-analyzer-darwin-x64-0.1.2.tgz#74dcfabeb4ca373d95bd0d13692f44fcef133c28"
  integrity sha512-fZNmVztrSXC03e9RONBT+CiksSeYcxI1wlzqyr0L7hsQlK1fzV+f04g2JtQ1c/Fe74ZwdV6aQBdd6Uwl1052sw==

"@nomicfoundation/solidity-analyzer-linux-arm64-gnu@0.1.2":
  version "0.1.2"
  resolved "https://registry.npmmirror.com/@nomicfoundation/solidity-analyzer-linux-arm64-gnu/-/solidity-analyzer-linux-arm64-gnu-0.1.2.tgz#4af5849a89e5a8f511acc04f28eb5d4460ba2b6a"
  integrity sha512-3d54oc+9ZVBuB6nbp8wHylk4xh0N0Gc+bk+/uJae+rUgbOBwQSfuGIbAZt1wBXs5REkSmynEGcqx6DutoK0tPA==

"@nomicfoundation/solidity-analyzer-linux-arm64-musl@0.1.2":
  version "0.1.2"
  resolved "https://registry.npmmirror.com/@nomicfoundation/solidity-analyzer-linux-arm64-musl/-/solidity-analyzer-linux-arm64-musl-0.1.2.tgz#54036808a9a327b2ff84446c130a6687ee702a8e"
  integrity sha512-iDJfR2qf55vgsg7BtJa7iPiFAsYf2d0Tv/0B+vhtnI16+wfQeTbP7teookbGvAo0eJo7aLLm0xfS/GTkvHIucA==

"@nomicfoundation/solidity-analyzer-linux-x64-gnu@0.1.2":
  version "0.1.2"
  resolved "https://registry.npmmirror.com/@nomicfoundation/solidity-analyzer-linux-x64-gnu/-/solidity-analyzer-linux-x64-gnu-0.1.2.tgz#466cda0d6e43691986c944b909fc6dbb8cfc594e"
  integrity sha512-9dlHMAt5/2cpWyuJ9fQNOUXFB/vgSFORg1jpjX1Mh9hJ/MfZXlDdHQ+DpFCs32Zk5pxRBb07yGvSHk9/fezL+g==

"@nomicfoundation/solidity-analyzer-linux-x64-musl@0.1.2":
  version "0.1.2"
  resolved "https://registry.npmmirror.com/@nomicfoundation/solidity-analyzer-linux-x64-musl/-/solidity-analyzer-linux-x64-musl-0.1.2.tgz#2b35826987a6e94444140ac92310baa088ee7f94"
  integrity sha512-GzzVeeJob3lfrSlDKQw2bRJ8rBf6mEYaWY+gW0JnTDHINA0s2gPR4km5RLIj1xeZZOYz4zRw+AEeYgLRqB2NXg==

"@nomicfoundation/solidity-analyzer-win32-x64-msvc@0.1.2":
  version "0.1.2"
  resolved "https://registry.npmmirror.com/@nomicfoundation/solidity-analyzer-win32-x64-msvc/-/solidity-analyzer-win32-x64-msvc-0.1.2.tgz#e6363d13b8709ca66f330562337dbc01ce8bbbd9"
  integrity sha512-Fdjli4DCcFHb4Zgsz0uEJXZ2K7VEO+w5KVv7HmT7WO10iODdU9csC2az4jrhEsRtiR9Gfd74FlG0NYlw1BMdyA==

"@nomicfoundation/solidity-analyzer@^0.1.1":
  version "0.1.2"
  resolved "https://registry.npmmirror.com/@nomicfoundation/solidity-analyzer/-/solidity-analyzer-0.1.2.tgz#8bcea7d300157bf3a770a851d9f5c5e2db34ac55"
  integrity sha512-q4n32/FNKIhQ3zQGGw5CvPF6GTvDCpYwIf7bEY/dZTZbgfDsHyjJwURxUJf3VQuuJj+fDIFl4+KkBVbw4Ef6jA==
  optionalDependencies:
    "@nomicfoundation/solidity-analyzer-darwin-arm64" "0.1.2"
    "@nomicfoundation/solidity-analyzer-darwin-x64" "0.1.2"
    "@nomicfoundation/solidity-analyzer-linux-arm64-gnu" "0.1.2"
    "@nomicfoundation/solidity-analyzer-linux-arm64-musl" "0.1.2"
    "@nomicfoundation/solidity-analyzer-linux-x64-gnu" "0.1.2"
    "@nomicfoundation/solidity-analyzer-linux-x64-musl" "0.1.2"
    "@nomicfoundation/solidity-analyzer-win32-x64-msvc" "0.1.2"

"@scure/base@~1.1.6":
  version "1.1.9"
  resolved "https://registry.npmmirror.com/@scure/base/-/base-1.1.9.tgz#e5e142fbbfe251091f9c5f1dd4c834ac04c3dbd1"
  integrity sha512-8YKhl8GHiNI/pU2VMaofa2Tor7PJRAjwQLBBuilkJ9L5+13yVbC7JO/wS7piioAvPSwR3JKM1IJ/u4xQzbcXKg==

"@scure/base@~1.2.5":
  version "1.2.6"
  resolved "https://registry.npmmirror.com/@scure/base/-/base-1.2.6.tgz#ca917184b8231394dd8847509c67a0be522e59f6"
  integrity sha512-g/nm5FgUa//MCj1gV09zTJTaM6KBAHqLN907YVQqf7zC49+DcO4B1so4ZX07Ef10Twr6nuqYEH9GEggFXA4Fmg==

"@scure/bip32@1.4.0":
  version "1.4.0"
  resolved "https://registry.npmmirror.com/@scure/bip32/-/bip32-1.4.0.tgz#4e1f1e196abedcef395b33b9674a042524e20d67"
  integrity sha512-sVUpc0Vq3tXCkDGYVWGIZTRfnvu8LoTDaev7vbwh0omSvVORONr960MQWdKqJDCReIEmTj3PAr73O3aoxz7OPg==
  dependencies:
    "@noble/curves" "~1.4.0"
    "@noble/hashes" "~1.4.0"
    "@scure/base" "~1.1.6"

"@scure/bip39@1.3.0":
  version "1.3.0"
  resolved "https://registry.npmmirror.com/@scure/bip39/-/bip39-1.3.0.tgz#0f258c16823ddd00739461ac31398b4e7d6a18c3"
  integrity sha512-disdg7gHuTDZtY+ZdkmLpPCk7fxZSu3gBiEGuoC1XYxv9cGx3Z6cpTggCgW6odSOOIXCiDjuGejW+aJKCY/pIQ==
  dependencies:
    "@noble/hashes" "~1.4.0"
    "@scure/base" "~1.1.6"

"@sentry/core@^9.4.0":
  version "9.47.1"
  resolved "https://registry.npmmirror.com/@sentry/core/-/core-9.47.1.tgz#6b95b8a03ade1ca04f8b9b457bc751eb8be0c06a"
  integrity sha512-KX62+qIt4xgy8eHKHiikfhz2p5fOciXd0Cl+dNzhgPFq8klq4MGMNaf148GB3M/vBqP4nw/eFvRMAayFCgdRQw==

"@streamparser/json-node@^0.0.22":
  version "0.0.22"
  resolved "https://registry.npmmirror.com/@streamparser/json-node/-/json-node-0.0.22.tgz#cee66bb2f175e41abf83574dc7d6fe9c997d94d5"
  integrity sha512-sJT2ptNRwqB1lIsQrQlCoWk5rF4tif9wDh+7yluAGijJamAhrHGYpFB/Zg3hJeceoZypi74ftXk8DHzwYpbZSg==
  dependencies:
    "@streamparser/json" "^0.0.22"

"@streamparser/json@^0.0.22":
  version "0.0.22"
  resolved "https://registry.npmmirror.com/@streamparser/json/-/json-0.0.22.tgz#8ddcbcc8c3ca77aeadf80af47f54a64c8739a037"
  integrity sha512-b6gTSBjJ8G8SuO3Gbbj+zXbVx8NSs1EbpbMKpzGLWMdkR+98McH9bEjSz3+0mPJf68c5nxa3CrJHp5EQNXM6zQ==

adm-zip@^0.4.16:
  version "0.4.16"
  resolved "https://registry.npmmirror.com/adm-zip/-/adm-zip-0.4.16.tgz#cf4c508fdffab02c269cbc7f471a875f05570365"
  integrity sha512-TFi4HBKSGfIKsK5YCkKaaFG2m4PEDyViZmEwof3MTIgzimHLto6muaHVpbrljdIvIrFZzEq/p4nafOeLcYegrg==

ansi-colors@^4.1.1:
  version "4.1.3"
  resolved "https://registry.npmmirror.com/ansi-colors/-/ansi-colors-4.1.3.tgz#37611340eb2243e70cc604cad35d63270d48781b"
  integrity sha512-/6w/C21Pm1A7aZitlI5Ni/2J6FFQN8i1Cvz3kHABAAbw93v/NlvKdVOqz7CCWz/3iv/JplRSEEZ83XION15ovw==

ansi-regex@^5.0.1:
  version "5.0.1"
  resolved "https://registry.npmmirror.com/ansi-regex/-/ansi-regex-5.0.1.tgz#082cb2c89c9fe8659a311a53bd6a4dc5301db304"
  integrity sha512-quJQXlTSUGL2LH9SUXo8VwsY4soanhgo6LNSm84E1LBcE8s3O0wpdiRzyR9z/ZZJMlMWv37qOOb9pdJlMUEKFQ==

chalk@^5.3.0:
  version "5.6.2"
  resolved "https://registry.npmmirror.com/chalk/-/chalk-5.6.2.tgz#b1238b6e23ea337af71c7f8a295db5af0c158aea"
  integrity sha512-7NzBL0rN6fMUW+f7A6Io4h40qQlG+xGmtMxfbnH/K7TAtt8JQWVQK+6g0UXKMeVJoyV5EkkNsErQ8pVD3bLHbA==

chokidar@^4.0.3:
  version "4.0.3"
  resolved "https://registry.npmmirror.com/chokidar/-/chokidar-4.0.3.tgz#7be37a4c03c9aee1ecfe862a4a23b2c70c205d30"
  integrity sha512-Qgzu8kfBvo+cA4962jnP1KkS6Dop5NS6g7R5LFYJr4b8Ub94PPQXUksCw9PvXoeXPRRddRNC5C1JQUR2SMGtnA==
  dependencies:
    readdirp "^4.0.1"

debug@^4.3.2:
  version "4.4.3"
  resolved "https://registry.npmmirror.com/debug/-/debug-4.4.3.tgz#c6ae432d9bd9662582fce08709b038c58e9e3d6a"
  integrity sha512-RGwwWnwQvkVfavKVt22FGLw+xYSdzARwm0ru6DhTVA3umU5hZc28V3kO4stgYryrTlLpuvgI9GiijltAjNbcqA==
  dependencies:
    ms "^2.1.3"

enquirer@^2.3.0:
  version "2.4.1"
  resolved "https://registry.npmmirror.com/enquirer/-/enquirer-2.4.1.tgz#93334b3fbd74fc7097b224ab4a8fb7e40bf4ae56"
  integrity sha512-rRqJg/6gd538VHvR3PSrdRBb/1Vy2YfzHqzvbhGIQpDRKIa4FgV/54b5Q1xYSxOOwKvjXweS26E0Q+nAMwp2pQ==
  dependencies:
    ansi-colors "^4.1.1"
    strip-ansi "^6.0.1"

env-paths@^2.2.0:
  version "2.2.1"
  resolved "https://registry.npmmirror.com/env-paths/-/env-paths-2.2.1.tgz#420399d416ce1fbe9bc0a07c62fa68d67fd0f8f2"
  integrity sha512-+h1lkLKhZMTYjog1VEpJNG7NZJWcuc2DDk/qsqSTRRCOXiLjeQ1d1/udrUGhqMxUgAlwKNZ0cf2uqan5GLuS2A==

esbuild@~0.27.0:
  version "0.27.3"
  resolved "https://registry.npmmirror.com/esbuild/-/esbuild-0.27.3.tgz#5859ca8e70a3af956b26895ce4954d7e73bd27a8"
  integrity sha512-8VwMnyGCONIs6cWue2IdpHxHnAjzxnw2Zr7MkVxB2vjmQ2ivqGFb4LEG3SMnv0Gb2F/G/2yA8zUaiL1gywDCCg==
  optionalDependencies:
    "@esbuild/aix-ppc64" "0.27.3"
    "@esbuild/android-arm" "0.27.3"
    "@esbuild/android-arm64" "0.27.3"
    "@esbuild/android-x64" "0.27.3"
    "@esbuild/darwin-arm64" "0.27.3"
    "@esbuild/darwin-x64" "0.27.3"
    "@esbuild/freebsd-arm64" "0.27.3"
    "@esbuild/freebsd-x64" "0.27.3"
    "@esbuild/linux-arm" "0.27.3"
    "@esbuild/linux-arm64" "0.27.3"
    "@esbuild/linux-ia32" "0.27.3"
    "@esbuild/linux-loong64" "0.27.3"
    "@esbuild/linux-mips64el" "0.27.3"
    "@esbuild/linux-ppc64" "0.27.3"
    "@esbuild/linux-riscv64" "0.27.3"
    "@esbuild/linux-s390x" "0.27.3"
    "@esbuild/linux-x64" "0.27.3"
    "@esbuild/netbsd-arm64" "0.27.3"
    "@esbuild/netbsd-x64" "0.27.3"
    "@esbuild/openbsd-arm64" "0.27.3"
    "@esbuild/openbsd-x64" "0.27.3"
    "@esbuild/openharmony-arm64" "0.27.3"
    "@esbuild/sunos-x64" "0.27.3"
    "@esbuild/win32-arm64" "0.27.3"
    "@esbuild/win32-ia32" "0.27.3"
    "@esbuild/win32-x64" "0.27.3"

ethereum-cryptography@^2.2.1:
  version "2.2.1"
  resolved "https://registry.npmmirror.com/ethereum-cryptography/-/ethereum-cryptography-2.2.1.tgz#58f2810f8e020aecb97de8c8c76147600b0b8ccf"
  integrity sha512-r/W8lkHSiTLxUxW8Rf3u4HGB0xQweG2RyETjywylKZSzLWoWAijRz8WCuOtJ6wah+avllXBqZuk29HCCvhEIRg==
  dependencies:
    "@noble/curves" "1.4.2"
    "@noble/hashes" "1.4.0"
    "@scure/bip32" "1.4.0"
    "@scure/bip39" "1.3.0"

fast-equals@^5.4.0:
  version "5.4.0"
  resolved "https://registry.npmmirror.com/fast-equals/-/fast-equals-5.4.0.tgz#b60073b8764f27029598447f05773c7534ba7f1e"
  integrity sha512-jt2DW/aNFNwke7AUd+Z+e6pz39KO5rzdbbFCg2sGafS4mk13MI7Z8O5z9cADNn5lhGODIgLwug6TZO2ctf7kcw==

fsevents@~2.3.3:
  version "2.3.3"
  resolved "https://registry.npmmirror.com/fsevents/-/fsevents-2.3.3.tgz#cac6407785d03675a2a5e1a5305c697b347d90d6"
  integrity sha512-5xoDfX+fL7faATnagmWPpbFtwh/R77WmMMqqHGS65C3vvB0YHrgF+B1YmZ3441tMj5n63k0212XNoJwzlhffQw==

get-tsconfig@^4.7.5:
  version "4.13.6"
  resolved "https://registry.npmmirror.com/get-tsconfig/-/get-tsconfig-4.13.6.tgz#2fbfda558a98a691a798f123afd95915badce876"
  integrity sha512-shZT/QMiSHc/YBLxxOkMtgSid5HFoauqCE3/exfsEcwg1WkeqjG+V40yBbBrsD+jW2HDXcs28xOfcbm2jI8Ddw==
  dependencies:
    resolve-pkg-maps "^1.0.0"

hardhat@^3.1.7:
  version "3.1.7"
  resolved "https://registry.npmmirror.com/hardhat/-/hardhat-3.1.7.tgz#954e761eb930c4b54ccdc32aea4edb0d0062ec4c"
  integrity sha512-lvbNsMoJyVy96OqsDdrqoYTstfGqBoEzKnxn1oEC1TX5pG3uLM/N7zwdBHFCgiN3oNpsQMD61C1ClDVSUvLOLQ==
  dependencies:
    "@nomicfoundation/edr" "0.12.0-next.23"
    "@nomicfoundation/hardhat-errors" "^3.0.6"
    "@nomicfoundation/hardhat-utils" "^3.0.6"
    "@nomicfoundation/hardhat-vendored" "^3.0.1"
    "@nomicfoundation/hardhat-zod-utils" "^3.0.1"
    "@nomicfoundation/solidity-analyzer" "^0.1.1"
    "@sentry/core" "^9.4.0"
    adm-zip "^0.4.16"
    chalk "^5.3.0"
    chokidar "^4.0.3"
    debug "^4.3.2"
    enquirer "^2.3.0"
    ethereum-cryptography "^2.2.1"
    micro-eth-signer "^0.14.0"
    p-map "^7.0.2"
    resolve.exports "^2.0.3"
    semver "^7.6.3"
    tsx "^4.19.3"
    ws "^8.18.0"
    zod "^3.23.8"

json-stream-stringify@^3.1.6:
  version "3.1.6"
  resolved "https://registry.npmmirror.com/json-stream-stringify/-/json-stream-stringify-3.1.6.tgz#ebe32193876fb99d4ec9f612389a8d8e2b5d54d4"
  integrity sha512-x7fpwxOkbhFCaJDJ8vb1fBY3DdSa4AlITaz+HHILQJzdPMnHEFjxPwVUi1ALIbcIxDE0PNe/0i7frnY8QnBQog==

micro-eth-signer@^0.14.0:
  version "0.14.0"
  resolved "https://registry.npmmirror.com/micro-eth-signer/-/micro-eth-signer-0.14.0.tgz#8aa1fe997d98d6bdf42f2071cef7eb01a66ecb22"
  integrity sha512-5PLLzHiVYPWClEvZIXXFu5yutzpadb73rnQCpUqIHu3No3coFuWQNfE5tkBQJ7djuLYl6aRLaS0MgWJYGoqiBw==
  dependencies:
    "@noble/curves" "~1.8.1"
    "@noble/hashes" "~1.7.1"
    micro-packed "~0.7.2"

micro-packed@~0.7.2:
  version "0.7.3"
  resolved "https://registry.npmmirror.com/micro-packed/-/micro-packed-0.7.3.tgz#59e96b139dffeda22705c7a041476f24cabb12b6"
  integrity sha512-2Milxs+WNC00TRlem41oRswvw31146GiSaoCT7s3Xi2gMUglW5QBeqlQaZeHr5tJx9nm3i57LNXPqxOOaWtTYg==
  dependencies:
    "@scure/base" "~1.2.5"

ms@^2.1.3:
  version "2.1.3"
  resolved "https://registry.npmmirror.com/ms/-/ms-2.1.3.tgz#574c8138ce1d2b5861f0b44579dbadd60c6615b2"
  integrity sha512-6FlzubTLZG3J2a/NVCAleEhjzq5oxgHyaCU9yYXvcLsvoVaHJq/s5xXI6/XXP6tz7R9xAOtHnSO/tXtF3WRTlA==

p-map@^7.0.2:
  version "7.0.4"
  resolved "https://registry.npmmirror.com/p-map/-/p-map-7.0.4.tgz#b81814255f542e252d5729dca4d66e5ec14935b8"
  integrity sha512-tkAQEw8ysMzmkhgw8k+1U/iPhWNhykKnSk4Rd5zLoPJCuJaGRPo6YposrZgaxHKzDHdDWWZvE/Sk7hsL2X/CpQ==

readdirp@^4.0.1:
  version "4.1.2"
  resolved "https://registry.npmmirror.com/readdirp/-/readdirp-4.1.2.tgz#eb85801435fbf2a7ee58f19e0921b068fc69948d"
  integrity sha512-GDhwkLfywWL2s6vEjyhri+eXmfH6j1L7JE27WhqLeYzoh/A3DBaYGEj2H/HFZCn/kMfim73FXxEJTw06WtxQwg==

resolve-pkg-maps@^1.0.0:
  version "1.0.0"
  resolved "https://registry.npmmirror.com/resolve-pkg-maps/-/resolve-pkg-maps-1.0.0.tgz#616b3dc2c57056b5588c31cdf4b3d64db133720f"
  integrity sha512-seS2Tj26TBVOC2NIc2rOe2y2ZO7efxITtLZcGSOnHHNOQ7CkiUBfw0Iw2ck6xkIhPwLhKNLS8BO+hEpngQlqzw==

resolve.exports@^2.0.3:
  version "2.0.3"
  resolved "https://registry.npmmirror.com/resolve.exports/-/resolve.exports-2.0.3.tgz#41955e6f1b4013b7586f873749a635dea07ebe3f"
  integrity sha512-OcXjMsGdhL4XnbShKpAcSqPMzQoYkYyhbEaeSko47MjRP9NfEQMhZkXL1DoFlt9LWQn4YttrdnV6X2OiyzBi+A==

rfdc@^1.3.1:
  version "1.4.1"
  resolved "https://registry.npmmirror.com/rfdc/-/rfdc-1.4.1.tgz#778f76c4fb731d93414e8f925fbecf64cce7f6ca"
  integrity sha512-q1b3N5QkRUWUl7iyylaaj3kOpIT0N2i9MqIEQXP73GVsN9cw3fdx8X63cEmWhJGi2PPCF23Ijp7ktmd39rawIA==

semver@^7.6.3:
  version "7.7.4"
  resolved "https://registry.npmmirror.com/semver/-/semver-7.7.4.tgz#28464e36060e991fa7a11d0279d2d3f3b57a7e8a"
  integrity sha512-vFKC2IEtQnVhpT78h1Yp8wzwrf8CM+MzKMHGJZfBtzhZNycRFnXsHk6E5TxIkkMsgNS7mdX3AGB7x2QM2di4lA==

strip-ansi@^6.0.1:
  version "6.0.1"
  resolved "https://registry.npmmirror.com/strip-ansi/-/strip-ansi-6.0.1.tgz#9e26c63d30f53443e9489495b2105d37b67a85d9"
  integrity sha512-Y38VPSHcqkFrCpFnQ9vuSXmquuv5oXOKpGeT6aGrr3o3Gc9AlVa6JBfUSOCnbxGGZF+/0ooI7KrPuUSztUdU5A==
  dependencies:
    ansi-regex "^5.0.1"

tsx@^4.19.3:
  version "4.21.0"
  resolved "https://registry.npmmirror.com/tsx/-/tsx-4.21.0.tgz#32aa6cf17481e336f756195e6fe04dae3e6308b1"
  integrity sha512-5C1sg4USs1lfG0GFb2RLXsdpXqBSEhAaA/0kPL01wxzpMqLILNxIxIOKiILz+cdg/pLnOUxFYOR5yhHU666wbw==
  dependencies:
    esbuild "~0.27.0"
    get-tsconfig "^4.7.5"
  optionalDependencies:
    fsevents "~2.3.3"

undici@^6.16.1:
  version "6.23.0"
  resolved "https://registry.npmmirror.com/undici/-/undici-6.23.0.tgz#7953087744d9095a96f115de3140ca3828aff3a4"
  integrity sha512-VfQPToRA5FZs/qJxLIinmU59u0r7LXqoJkCzinq3ckNJp3vKEh7jTWN589YQ5+aoAC/TGRLyJLCPKcLQbM8r9g==

ws@^8.18.0:
  version "8.19.0"
  resolved "https://registry.npmmirror.com/ws/-/ws-8.19.0.tgz#ddc2bdfa5b9ad860204f5a72a4863a8895fd8c8b"
  integrity sha512-blAT2mjOEIi0ZzruJfIhb3nps74PRWTCz1IjglWEEpQl5XS/UNama6u2/rjFkDDouqr4L67ry+1aGIALViWjDg==

yarn@^1.22.22:
  version "1.22.22"
  resolved "https://registry.npmmirror.com/yarn/-/yarn-1.22.22.tgz#ac34549e6aa8e7ead463a7407e1c7390f61a6610"
  integrity sha512-prL3kGtyG7o9Z9Sv8IPfBNrWTDmXB4Qbes8A9rEzt6wkJV8mUvoirjU0Mp3GGAU06Y0XQyA3/2/RQFVuK7MTfg==

zod@^3.23.8:
  version "3.25.76"
  resolved "https://registry.npmmirror.com/zod/-/zod-3.25.76.tgz#26841c3f6fd22a6a2760e7ccb719179768471e34"
  integrity sha512-gzUt/qt81nXsFGKIFcC3YnfEAx5NkunCfnDlvuBSSFS02bcXu4Lmea0AFIUwbLWxWPx3d9p8S5QoaujKcNQxcQ==
